
Microsoft Visual Studio Solution File, Format Version 12.00
# Visual Studio 15
VisualStudioVersion = 15.0.28307.757
MinimumVisualStudioVersion = 10.0.40219.1
Project("{FAE04EC0-301F-11D3-BF4B-00C04F79EFBC}") = "C Sharp 3.6", "C Sharp 3.6\C Sharp 3.6.csproj", "{B62ED516-4742-4517-BE18-F48D9D0D9289}"
EndProject
Global
	GlobalSection(SolutionConfigurationPlatforms) = preSolution
		Debug|Any CPU = Debug|Any CPU
		Release|Any CPU = Release|Any CPU
	EndGlobalSection
	GlobalSection(ProjectConfigurationPlatforms) = postSolution
		{B62ED516-4742-4517-BE18-F48D9D0D9289}.Debug|Any CPU.ActiveCfg = Debug|Any CPU
		{B62ED516-4742-4517-BE18-F48D9D0D9289}.Debug|Any CPU.Build.0 = Debug|Any CPU
		{B62ED516-4742-4517-BE18-F48D9D0D9289}.Release|Any CPU.ActiveCfg = Release|Any CPU
		{B62ED516-4742-4517-BE18-F48D9D0D9289}.Release|Any CPU.Build.0 = Release|Any CPU
	EndGlobalSection
	GlobalSection(SolutionProperties) = preSolution
		HideSolutionNode = FALSE
	EndGlobalSection
	GlobalSection(ExtensibilityGlobals) = postSolution
		SolutionGuid = {2FAA4163-C107-4AF0-AB3E-CBAD6864A2A4}
	EndGlobalSection
EndGlobal
